
Microsoft Visual Studio Solution File, Format Version 12.00
# Visual Studio 15
VisualStudioVersion = 15.0.27130.2026
MinimumVisualStudioVersion = 10.0.40219.1
Project("{FAE04EC0-301F-11D3-BF4B-00C04F79EFBC}") = "SqlExecuteTests", "SqlExecuteTests\SqlExecuteTests.csproj", "{052F480B-87EC-47B6-8E4D-E4758DAE97E9}"
EndProject
Project("{FAE04EC0-301F-11D3-BF4B-00C04F79EFBC}") = "Firefly.SqlCmdParser", "Firefly.SqlCmdParser\Firefly.SqlCmdParser.csproj", "{8296D7EB-D3A8-44C2-B0BD-471564A3A1E6}"
EndProject
Project("{FAE04EC0-301F-11D3-BF4B-00C04F79EFBC}") = "Firefly.InvokeSqlExecute", "Firefly.InvokeSqlExecute\Firefly.InvokeSqlExecute.csproj", "{85DB6620-28D2-42B3-82F3-8DC3DBBD3D86}"
EndProject
Project("{FAE04EC0-301F-11D3-BF4B-00C04F79EFBC}") = "Firefly.SqlCmdParser.Client", "Firefly.SqlCmdParser.Client\Firefly.SqlCmdParser.Client.csproj", "{E2BB3E81-1F3B-44FB-8ADC-1F88E6193597}"
EndProject
Project("{2150E333-8FDC-42A3-9474-1A3956D46DE8}") = ".SolutionItems", ".SolutionItems", "{EDA74B29-EED5-4FB6-9CE7-CDBDD335338A}"
	ProjectSection(SolutionItems) = preProject
		appveyor.yml = appveyor.yml
		DownloadAdventureWorks.ps1 = DownloadAdventureWorks.ps1
		LICENSE = LICENSE
		README.md = README.md
	EndProjectSection
EndProject
Global
	GlobalSection(SolutionConfigurationPlatforms) = preSolution
		Debug|Any CPU = Debug|Any CPU
		Release|Any CPU = Release|Any CPU
	EndGlobalSection
	GlobalSection(ProjectConfigurationPlatforms) = postSolution
		{052F480B-87EC-47B6-8E4D-E4758DAE97E9}.Debug|Any CPU.ActiveCfg = Debug|Any CPU
		{052F480B-87EC-47B6-8E4D-E4758DAE97E9}.Debug|Any CPU.Build.0 = Debug|Any CPU
		{052F480B-87EC-47B6-8E4D-E4758DAE97E9}.Release|Any CPU.ActiveCfg = Release|Any CPU
		{052F480B-87EC-47B6-8E4D-E4758DAE97E9}.Release|Any CPU.Build.0 = Release|Any CPU
		{8296D7EB-D3A8-44C2-B0BD-471564A3A1E6}.Debug|Any CPU.ActiveCfg = Debug|Any CPU
		{8296D7EB-D3A8-44C2-B0BD-471564A3A1E6}.Debug|Any CPU.Build.0 = Debug|Any CPU
		{8296D7EB-D3A8-44C2-B0BD-471564A3A1E6}.Release|Any CPU.ActiveCfg = Release|Any CPU
		{8296D7EB-D3A8-44C2-B0BD-471564A3A1E6}.Release|Any CPU.Build.0 = Release|Any CPU
		{85DB6620-28D2-42B3-82F3-8DC3DBBD3D86}.Debug|Any CPU.ActiveCfg = Debug|Any CPU
		{85DB6620-28D2-42B3-82F3-8DC3DBBD3D86}.Debug|Any CPU.Build.0 = Debug|Any CPU
		{85DB6620-28D2-42B3-82F3-8DC3DBBD3D86}.Release|Any CPU.ActiveCfg = Release|Any CPU
		{85DB6620-28D2-42B3-82F3-8DC3DBBD3D86}.Release|Any CPU.Build.0 = Release|Any CPU
		{E2BB3E81-1F3B-44FB-8ADC-1F88E6193597}.Debug|Any CPU.ActiveCfg = Debug|Any CPU
		{E2BB3E81-1F3B-44FB-8ADC-1F88E6193597}.Debug|Any CPU.Build.0 = Debug|Any CPU
		{E2BB3E81-1F3B-44FB-8ADC-1F88E6193597}.Release|Any CPU.ActiveCfg = Release|Any CPU
		{E2BB3E81-1F3B-44FB-8ADC-1F88E6193597}.Release|Any CPU.Build.0 = Release|Any CPU
	EndGlobalSection
	GlobalSection(SolutionProperties) = preSolution
		HideSolutionNode = FALSE
	EndGlobalSection
	GlobalSection(ExtensibilityGlobals) = postSolution
		SolutionGuid = {4E4AC742-F3F7-4DA6-9ADB-D37D707B3EFE}
	EndGlobalSection
EndGlobal
